// !$*UTF8*$!
{
	archiveVersion = 1;
	classes = {
	};
	objectVersion = 50;
	objects = {

/* Begin PBXBuildFile section */
		0F285F9126A9BC9F000C58C3 /* AppDelegate.swift in Sources */ = {isa = PBXBuildFile; fileRef = 0F285F9026A9BC9F000C58C3 /* AppDelegate.swift */; };
		0F285F9326A9BC9F000C58C3 /* SceneDelegate.swift in Sources */ = {isa = PBXBuildFile; fileRef = 0F285F9226A9BC9F000C58C3 /* SceneDelegate.swift */; };
		0F285F9826A9BC9F000C58C3 /* Main.storyboard in Resources */ = {isa = PBXBuildFile; fileRef = 0F285F9626A9BC9F000C58C3 /* Main.storyboard */; };
		0F285F9A26A9BCA0000C58C3 /* Assets.xcassets in Resources */ = {isa = PBXBuildFile; fileRef = 0F285F9926A9BCA0000C58C3 /* Assets.xcassets */; };
		0F285F9D26A9BCA0000C58C3 /* LaunchScreen.storyboard in Resources */ = {isa = PBXBuildFile; fileRef = 0F285F9B26A9BCA0000C58C3 /* LaunchScreen.storyboard */; };
		0F285FA626A9BDB5000C58C3 /* Event.swift in Sources */ = {isa = PBXBuildFile; fileRef = 0F285FA526A9BDB5000C58C3 /* Event.swift */; };
		0FAA647326A9CBC4005E0BF3 /* TableViewController.swift in Sources */ = {isa = PBXBuildFile; fileRef = 0FAA647226A9CBC4005E0BF3 /* TableViewController.swift */; };
		0FAA647D26A9EA4C005E0BF3 /* DetailViewController.swift in Sources */ = {isa = PBXBuildFile; fileRef = 0FAA647C26A9EA4C005E0BF3 /* DetailViewController.swift */; };
		0FAA648B26AAFFF4005E0BF3 /* Favorties.swift in Sources */ = {isa = PBXBuildFile; fileRef = 0FAA648A26AAFFF4005E0BF3 /* Favorties.swift */; };
		0FAA648F26AB141C005E0BF3 /* Provider.swift in Sources */ = {isa = PBXBuildFile; fileRef = 0FAA648E26AB141C005E0BF3 /* Provider.swift */; };
		0FAA649226AB15B0005E0BF3 /* ErrorMessage.swift in Sources */ = {isa = PBXBuildFile; fileRef = 0FAA649126AB15B0005E0BF3 /* ErrorMessage.swift */; };
		0FAA649A26AB2583005E0BF3 /* EventTableViewCell.swift in Sources */ = {isa = PBXBuildFile; fileRef = 0FAA649926AB2583005E0BF3 /* EventTableViewCell.swift */; };
		0FAA64A526ACF539005E0BF3 /* ExtensionView.swift in Sources */ = {isa = PBXBuildFile; fileRef = 0FAA64A426ACF539005E0BF3 /* ExtensionView.swift */; };
		0FAA64B626AE67B4005E0BF3 /* FetchNowTests.swift in Sources */ = {isa = PBXBuildFile; fileRef = 0FAA64B526AE67B4005E0BF3 /* FetchNowTests.swift */; };
/* End PBXBuildFile section */

/* Begin PBXContainerItemProxy section */
		0FAA64B826AE67B4005E0BF3 /* PBXContainerItemProxy */ = {
			isa = PBXContainerItemProxy;
			containerPortal = 0F285F8526A9BC9F000C58C3 /* Project object */;
			proxyType = 1;
			remoteGlobalIDString = 0F285F8C26A9BC9F000C58C3;
			remoteInfo = FetchNow;
		};
/* End PBXContainerItemProxy section */

/* Begin PBXFileReference section */
		0F285F8D26A9BC9F000C58C3 /* FetchNow.app */ = {isa = PBXFileReference; explicitFileType = wrapper.application; includeInIndex = 0; path = FetchNow.app; sourceTree = BUILT_PRODUCTS_DIR; };
		0F285F9026A9BC9F000C58C3 /* AppDelegate.swift */ = {isa = PBXFileReference; lastKnownFileType = sourcecode.swift; path = AppDelegate.swift; sourceTree = "<group>"; };
		0F285F9226A9BC9F000C58C3 /* SceneDelegate.swift */ = {isa = PBXFileReference; lastKnownFileType = sourcecode.swift; path = SceneDelegate.swift; sourceTree = "<group>"; };
		0F285F9726A9BC9F000C58C3 /* Base */ = {isa = PBXFileReference; lastKnownFileType = file.storyboard; name = Base; path = Base.lproj/Main.storyboard; sourceTree = "<group>"; };
		0F285F9926A9BCA0000C58C3 /* Assets.xcassets */ = {isa = PBXFileReference; lastKnownFileType = folder.assetcatalog; path = Assets.xcassets; sourceTree = "<group>"; };
		0F285F9C26A9BCA0000C58C3 /* Base */ = {isa = PBXFileReference; lastKnownFileType = file.storyboard; name = Base; path = Base.lproj/LaunchScreen.storyboard; sourceTree = "<group>"; };
		0F285F9E26A9BCA0000C58C3 /* Info.plist */ = {isa = PBXFileReference; lastKnownFileType = text.plist.xml; path = Info.plist; sourceTree = "<group>"; };
		0F285FA526A9BDB5000C58C3 /* Event.swift */ = {isa = PBXFileReference; lastKnownFileType = sourcecode.swift; path = Event.swift; sourceTree = "<group>"; };
		0FAA647226A9CBC4005E0BF3 /* TableViewController.swift */ = {isa = PBXFileReference; lastKnownFileType = sourcecode.swift; path = TableViewController.swift; sourceTree = "<group>"; };
		0FAA647C26A9EA4C005E0BF3 /* DetailViewController.swift */ = {isa = PBXFileReference; lastKnownFileType = sourcecode.swift; path = DetailViewController.swift; sourceTree = "<group>"; };
		0FAA648A26AAFFF4005E0BF3 /* Favorties.swift */ = {isa = PBXFileReference; lastKnownFileType = sourcecode.swift; path = Favorties.swift; sourceTree = "<group>"; };
		0FAA648E26AB141C005E0BF3 /* Provider.swift */ = {isa = PBXFileReference; lastKnownFileType = sourcecode.swift; path = Provider.swift; sourceTree = "<group>"; };
		0FAA649126AB15B0005E0BF3 /* ErrorMessage.swift */ = {isa = PBXFileReference; lastKnownFileType = sourcecode.swift; path = ErrorMessage.swift; sourceTree = "<group>"; };
		0FAA649926AB2583005E0BF3 /* EventTableViewCell.swift */ = {isa = PBXFileReference; lastKnownFileType = sourcecode.swift; path = EventTableViewCell.swift; sourceTree = "<group>"; };
		0FAA64A426ACF539005E0BF3 /* ExtensionView.swift */ = {isa = PBXFileReference; lastKnownFileType = sourcecode.swift; path = ExtensionView.swift; sourceTree = "<group>"; };
		0FAA64B326AE67B4005E0BF3 /* FetchNowTests.xctest */ = {isa = PBXFileReference; explicitFileType = wrapper.cfbundle; includeInIndex = 0; path = FetchNowTests.xctest; sourceTree = BUILT_PRODUCTS_DIR; };
		0FAA64B526AE67B4005E0BF3 /* FetchNowTests.swift */ = {isa = PBXFileReference; lastKnownFileType = sourcecode.swift; path = FetchNowTests.swift; sourceTree = "<group>"; };
		0FAA64B726AE67B4005E0BF3 /* Info.plist */ = {isa = PBXFileReference; lastKnownFileType = text.plist.xml; path = Info.plist; sourceTree = "<group>"; };
/* End PBXFileReference section */

/* Begin PBXFrameworksBuildPhase section */
		0F285F8A26A9BC9F000C58C3 /* Frameworks */ = {
			isa = PBXFrameworksBuildPhase;
			buildActionMask = 2147483647;
			files = (
			);
			runOnlyForDeploymentPostprocessing = 0;
		};
		0FAA64B026AE67B4005E0BF3 /* Frameworks */ = {
			isa = PBXFrameworksBuildPhase;
			buildActionMask = 2147483647;
			files = (
			);
			runOnlyForDeploymentPostprocessing = 0;
		};
/* End PBXFrameworksBuildPhase section */

/* Begin PBXGroup section */
		0F285F8426A9BC9F000C58C3 = {
			isa = PBXGroup;
			children = (
				0F285F8F26A9BC9F000C58C3 /* FetchNow */,
				0FAA64B426AE67B4005E0BF3 /* FetchNowTests */,
				0F285F8E26A9BC9F000C58C3 /* Products */,
			);
			sourceTree = "<group>";
		};
		0F285F8E26A9BC9F000C58C3 /* Products */ = {
			isa = PBXGroup;
			children = (
				0F285F8D26A9BC9F000C58C3 /* FetchNow.app */,
				0FAA64B326AE67B4005E0BF3 /* FetchNowTests.xctest */,
			);
			name = Products;
			sourceTree = "<group>";
		};
		0F285F8F26A9BC9F000C58C3 /* FetchNow */ = {
			isa = PBXGroup;
			children = (
				0FAA648A26AAFFF4005E0BF3 /* Favorties.swift */,
				0F285F9026A9BC9F000C58C3 /* AppDelegate.swift */,
				0F285FA526A9BDB5000C58C3 /* Event.swift */,
				0FAA647226A9CBC4005E0BF3 /* TableViewController.swift */,
				0FAA649926AB2583005E0BF3 /* EventTableViewCell.swift */,
				0FAA64A426ACF539005E0BF3 /* ExtensionView.swift */,
				0FAA648E26AB141C005E0BF3 /* Provider.swift */,
				0F285F9226A9BC9F000C58C3 /* SceneDelegate.swift */,
				0F285F9626A9BC9F000C58C3 /* Main.storyboard */,
				0FAA647C26A9EA4C005E0BF3 /* DetailViewController.swift */,
				0F285F9926A9BCA0000C58C3 /* Assets.xcassets */,
				0F285F9B26A9BCA0000C58C3 /* LaunchScreen.storyboard */,
				0F285F9E26A9BCA0000C58C3 /* Info.plist */,
				0FAA649126AB15B0005E0BF3 /* ErrorMessage.swift */,
			);
			path = FetchNow;
			sourceTree = "<group>";
		};
		0FAA64B426AE67B4005E0BF3 /* FetchNowTests */ = {
			isa = PBXGroup;
			children = (
				0FAA64B526AE67B4005E0BF3 /* FetchNowTests.swift */,
				0FAA64B726AE67B4005E0BF3 /* Info.plist */,
			);
			path = FetchNowTests;
			sourceTree = "<group>";
		};
/* End PBXGroup section */

/* Begin PBXNativeTarget section */
		0F285F8C26A9BC9F000C58C3 /* FetchNow */ = {
			isa = PBXNativeTarget;
			buildConfigurationList = 0F285FA126A9BCA0000C58C3 /* Build configuration list for PBXNativeTarget "FetchNow" */;
			buildPhases = (
				0F285F8926A9BC9F000C58C3 /* Sources */,
				0F285F8A26A9BC9F000C58C3 /* Frameworks */,
				0F285F8B26A9BC9F000C58C3 /* Resources */,
			);
			buildRules = (
			);
			dependencies = (
			);
			name = FetchNow;
			productName = FetchNow;
			productReference = 0F285F8D26A9BC9F000C58C3 /* FetchNow.app */;
			productType = "com.apple.product-type.application";
		};
		0FAA64B226AE67B4005E0BF3 /* FetchNowTests */ = {
			isa = PBXNativeTarget;
			buildConfigurationList = 0FAA64BA26AE67B4005E0BF3 /* Build configuration list for PBXNativeTarget "FetchNowTests" */;
			buildPhases = (
				0FAA64AF26AE67B4005E0BF3 /* Sources */,
				0FAA64B026AE67B4005E0BF3 /* Frameworks */,
				0FAA64B126AE67B4005E0BF3 /* Resources */,
			);
			buildRules = (
			);
			dependencies = (
				0FAA64B926AE67B4005E0BF3 /* PBXTargetDependency */,
			);
			name = FetchNowTests;
			productName = FetchNowTests;
			productReference = 0FAA64B326AE67B4005E0BF3 /* FetchNowTests.xctest */;
			productType = "com.apple.product-type.bundle.unit-test";
		};
/* End PBXNativeTarget section */

/* Begin PBXProject section */
		0F285F8526A9BC9F000C58C3 /* Project object */ = {
			isa = PBXProject;
			attributes = {
				LastSwiftUpdateCheck = 1240;
				LastUpgradeCheck = 1240;
				TargetAttributes = {
					0F285F8C26A9BC9F000C58C3 = {
						CreatedOnToolsVersion = 12.4;
					};
					0FAA64B226AE67B4005E0BF3 = {
						CreatedOnToolsVersion = 12.4;
						TestTargetID = 0F285F8C26A9BC9F000C58C3;
					};
				};
			};
			buildConfigurationList = 0F285F8826A9BC9F000C58C3 /* Build configuration list for PBXProject "FetchNow" */;
			compatibilityVersion = "Xcode 9.3";
			developmentRegion = en;
			hasScannedForEncodings = 0;
			knownRegions = (
				en,
				Base,
			);
			mainGroup = 0F285F8426A9BC9F000C58C3;
			productRefGroup = 0F285F8E26A9BC9F000C58C3 /* Products */;
			projectDirPath = "";
			projectRoot = "";
			targets = (
				0F285F8C26A9BC9F000C58C3 /* FetchNow */,
				0FAA64B226AE67B4005E0BF3 /* FetchNowTests */,
			);
		};
/* End PBXProject section */

/* Begin PBXResourcesBuildPhase section */
		0F285F8B26A9BC9F000C58C3 /* Resources */ = {
			isa = PBXResourcesBuildPhase;
			buildActionMask = 2147483647;
			files = (
				0F285F9D26A9BCA0000C58C3 /* LaunchScreen.storyboard in Resources */,
				0F285F9A26A9BCA0000C58C3 /* Assets.xcassets in Resources */,
				0F285F9826A9BC9F000C58C3 /* Main.storyboard in Resources */,
			);
			runOnlyForDeploymentPostprocessing = 0;
		};
		0FAA64B126AE67B4005E0BF3 /* Resources */ = {
			isa = PBXResourcesBuildPhase;
			buildActionMask = 2147483647;
			files = (
			);
			runOnlyForDeploymentPostprocessing = 0;
		};
/* End PBXResourcesBuildPhase section */

/* Begin PBXSourcesBuildPhase section */
		0F285F8926A9BC9F000C58C3 /* Sources */ = {
			isa = PBXSourcesBuildPhase;
			buildActionMask = 2147483647;
			files = (
				0FAA649A26AB2583005E0BF3 /* EventTableViewCell.swift in Sources */,
				0F285FA626A9BDB5000C58C3 /* Event.swift in Sources */,
				0FAA648B26AAFFF4005E0BF3 /* Favorties.swift in Sources */,
				0FAA648F26AB141C005E0BF3 /* Provider.swift in Sources */,
				0F285F9126A9BC9F000C58C3 /* AppDelegate.swift in Sources */,
				0FAA649226AB15B0005E0BF3 /* ErrorMessage.swift in Sources */,
				0FAA64A526ACF539005E0BF3 /* ExtensionView.swift in Sources */,
				0FAA647D26A9EA4C005E0BF3 /* DetailViewController.swift in Sources */,
				0FAA647326A9CBC4005E0BF3 /* TableViewController.swift in Sources */,
				0F285F9326A9BC9F000C58C3 /* SceneDelegate.swift in Sources */,
			);
			runOnlyForDeploymentPostprocessing = 0;
		};
		0FAA64AF26AE67B4005E0BF3 /* Sources */ = {
			isa = PBXSourcesBuildPhase;
			buildActionMask = 2147483647;
			files = (
				0FAA64B626AE67B4005E0BF3 /* FetchNowTests.swift in Sources */,
			);
			runOnlyForDeploymentPostprocessing = 0;
		};
/* End PBXSourcesBuildPhase section */

/* Begin PBXTargetDependency section */
		0FAA64B926AE67B4005E0BF3 /* PBXTargetDependency */ = {
			isa = PBXTargetDependency;
			target = 0F285F8C26A9BC9F000C58C3 /* FetchNow */;
			targetProxy = 0FAA64B826AE67B4005E0BF3 /* PBXContainerItemProxy */;
		};
/* End PBXTargetDependency section */

/* Begin PBXVariantGroup section */
		0F285F9626A9BC9F000C58C3 /* Main.storyboard */ = {
			isa = PBXVariantGroup;
			children = (
				0F285F9726A9BC9F000C58C3 /* Base */,
			);
			name = Main.storyboard;
			sourceTree = "<group>";
		};
		0F285F9B26A9BCA0000C58C3 /* LaunchScreen.storyboard */ = {
			isa = PBXVariantGroup;
			children = (
				0F285F9C26A9BCA0000C58C3 /* Base */,
			);
			name = LaunchScreen.storyboard;
			sourceTree = "<group>";
		};
/* End PBXVariantGroup section */

/* Begin XCBuildConfiguration section */
		0F285F9F26A9BCA0000C58C3 /* Debug */ = {
			isa = XCBuildConfiguration;
			buildSettings = {
				ALWAYS_SEARCH_USER_PATHS = NO;
				CLANG_ANALYZER_NONNULL = YES;
				CLANG_ANALYZER_NUMBER_OBJECT_CONVERSION = YES_AGGRESSIVE;
				CLANG_CXX_LANGUAGE_STANDARD = "gnu++14";
				CLANG_CXX_LIBRARY = "libc++";
				CLANG_ENABLE_MODULES = YES;
				CLANG_ENABLE_OBJC_ARC = YES;
				CLANG_ENABLE_OBJC_WEAK = YES;
				CLANG_WARN_BLOCK_CAPTURE_AUTORELEASING = YES;
				CLANG_WARN_BOOL_CONVERSION = YES;
				CLANG_WARN_COMMA = YES;
				CLANG_WARN_CONSTANT_CONVERSION = YES;
				CLANG_WARN_DEPRECATED_OBJC_IMPLEMENTATIONS = YES;
				CLANG_WARN_DIRECT_OBJC_ISA_USAGE = YES_ERROR;
				CLANG_WARN_DOCUMENTATION_COMMENTS = YES;
				CLANG_WARN_EMPTY_BODY = YES;
				CLANG_WARN_ENUM_CONVERSION = YES;
				CLANG_WARN_INFINITE_RECURSION = YES;
				CLANG_WARN_INT_CONVERSION = YES;
				CLANG_WARN_NON_LITERAL_NULL_CONVERSION = YES;
				CLANG_WARN_OBJC_IMPLICIT_RETAIN_SELF = YES;
				CLANG_WARN_OBJC_LITERAL_CONVERSION = YES;
				CLANG_WARN_OBJC_ROOT_CLASS = YES_ERROR;
				CLANG_WARN_QUOTED_INCLUDE_IN_FRAMEWORK_HEADER = YES;
				CLANG_WARN_RANGE_LOOP_ANALYSIS = YES;
				CLANG_WARN_STRICT_PROTOTYPES = YES;
				CLANG_WARN_SUSPICIOUS_MOVE = YES;
				CLANG_WARN_UNGUARDED_AVAILABILITY = YES_AGGRESSIVE;
				CLANG_WARN_UNREACHABLE_CODE = YES;
				CLANG_WARN__DUPLICATE_METHOD_MATCH = YES;
				COPY_PHASE_STRIP = NO;
				DEBUG_INFORMATION_FORMAT = dwarf;
				ENABLE_STRICT_OBJC_MSGSEND = YES;
				ENABLE_TESTABILITY = YES;
				GCC_C_LANGUAGE_STANDARD = gnu11;
				GCC_DYNAMIC_NO_PIC = NO;
				GCC_NO_COMMON_BLOCKS = YES;
				GCC_OPTIMIZATION_LEVEL = 0;
				GCC_PREPROCESSOR_DEFINITIONS = (
					"DEBUG=1",
					"$(inherited)",
				);
				GCC_WARN_64_TO_32_BIT_CONVERSION = YES;
				GCC_WARN_ABOUT_RETURN_TYPE = YES_ERROR;
				GCC_WARN_UNDECLARED_SELECTOR = YES;
				GCC_WARN_UNINITIALIZED_AUTOS = YES_AGGRESSIVE;
				GCC_WARN_UNUSED_FUNCTION = YES;
				GCC_WARN_UNUSED_VARIABLE = YES;
				IPHONEOS_DEPLOYMENT_TARGET = 12.1;
				MTL_ENABLE_DEBUG_INFO = INCLUDE_SOURCE;
				MTL_FAST_MATH = YES;
				ONLY_ACTIVE_ARCH = YES;
				SDKROOT = iphoneos;
				SWIFT_ACTIVE_COMPILATION_CONDITIONS = DEBUG;
				SWIFT_OPTIMIZATION_LEVEL = "-Onone";
			};
			name = Debug;
		};
		0F285FA026A9BCA0000C58C3 /* Release */ = {
			isa = XCBuildConfiguration;
			buildSettings = {
				ALWAYS_SEARCH_USER_PATHS = NO;
				CLANG_ANALYZER_NONNULL = YES;
				CLANG_ANALYZER_NUMBER_OBJECT_CONVERSION = YES_AGGRESSIVE;
				CLANG_CXX_LANGUAGE_STANDARD = "gnu++14";
				CLANG_CXX_LIBRARY = "libc++";
				CLANG_ENABLE_MODULES = YES;
				CLANG_ENABLE_OBJC_ARC = YES;
				CLANG_ENABLE_OBJC_WEAK = YES;
				CLANG_WARN_BLOCK_CAPTURE_AUTORELEASING = YES;
				CLANG_WARN_BOOL_CONVERSION = YES;
				CLANG_WARN_COMMA = YES;
				CLANG_WARN_CONSTANT_CONVERSION = YES;
				CLANG_WARN_DEPRECATED_OBJC_IMPLEMENTATIONS = YES;
				CLANG_WARN_DIRECT_OBJC_ISA_USAGE = YES_ERROR;
				CLANG_WARN_DOCUMENTATION_COMMENTS = YES;
				CLANG_WARN_EMPTY_BODY = YES;
				CLANG_WARN_ENUM_CONVERSION = YES;
				CLANG_WARN_INFINITE_RECURSION = YES;
				CLANG_WARN_INT_CONVERSION = YES;
				CLANG_WARN_NON_LITERAL_NULL_CONVERSION = YES;
				CLANG_WARN_OBJC_IMPLICIT_RETAIN_SELF = YES;
				CLANG_WARN_OBJC_LITERAL_CONVERSION = YES;
				CLANG_WARN_OBJC_ROOT_CLASS = YES_ERROR;
				CLANG_WARN_QUOTED_INCLUDE_IN_FRAMEWORK_HEADER = YES;
				CLANG_WARN_RANGE_LOOP_ANALYSIS = YES;
				CLANG_WARN_STRICT_PROTOTYPES = YES;
				CLANG_WARN_SUSPICIOUS_MOVE = YES;
				CLANG_WARN_UNGUARDED_AVAILABILITY = YES_AGGRESSIVE;
				CLANG_WARN_UNREACHABLE_CODE = YES;
				CLANG_WARN__DUPLICATE_METHOD_MATCH = YES;
				COPY_PHASE_STRIP = NO;
				DEBUG_INFORMATION_FORMAT = "dwarf-with-dsym";
				ENABLE_NS_ASSERTIONS = NO;
				ENABLE_STRICT_OBJC_MSGSEND = YES;
				GCC_C_LANGUAGE_STANDARD = gnu11;
				GCC_NO_COMMON_BLOCKS = YES;
				GCC_WARN_64_TO_32_BIT_CONVERSION = YES;
				GCC_WARN_ABOUT_RETURN_TYPE = YES_ERROR;
				GCC_WARN_UNDECLARED_SELECTOR = YES;
				GCC_WARN_UNINITIALIZED_AUTOS = YES_AGGRESSIVE;
				GCC_WARN_UNUSED_FUNCTION = YES;
				GCC_WARN_UNUSED_VARIABLE = YES;
				IPHONEOS_DEPLOYMENT_TARGET = 12.1;
				MTL_ENABLE_DEBUG_INFO = NO;
				MTL_FAST_MATH = YES;
				SDKROOT = iphoneos;
				SWIFT_COMPILATION_MODE = wholemodule;
				SWIFT_OPTIMIZATION_LEVEL = "-O";
				VALIDATE_PRODUCT = YES;
			};
			name = Release;
		};
		0F285FA226A9BCA0000C58C3 /* Debug */ = {
			isa = XCBuildConfiguration;
			buildSettings = {
				ASSETCATALOG_COMPILER_APPICON_NAME = AppIcon;
				ASSETCATALOG_COMPILER_GLOBAL_ACCENT_COLOR_NAME = AccentColor;
				CODE_SIGN_STYLE = Automatic;
				DEVELOPMENT_TEAM = 73X37M5BQV;
				INFOPLIST_FILE = FetchNow/Info.plist;
				LD_RUNPATH_SEARCH_PATHS = (
					"$(inherited)",
					"@executable_path/Frameworks",
				);
				PRODUCT_BUNDLE_IDENTIFIER = dev.travisbrigman.FetchNow;
				PRODUCT_NAME = "$(TARGET_NAME)";
				SWIFT_VERSION = 5.0;
				TARGETED_DEVICE_FAMILY = "1,2";
			};
			name = Debug;
		};
		0F285FA326A9BCA0000C58C3 /* Release */ = {
			isa = XCBuildConfiguration;
			buildSettings = {
				ASSETCATALOG_COMPILER_APPICON_NAME = AppIcon;
				ASSETCATALOG_COMPILER_GLOBAL_ACCENT_COLOR_NAME = AccentColor;
				CODE_SIGN_STYLE = Automatic;
				DEVELOPMENT_TEAM = 73X37M5BQV;
				INFOPLIST_FILE = FetchNow/Info.plist;
				LD_RUNPATH_SEARCH_PATHS = (
					"$(inherited)",
					"@executable_path/Frameworks",
				);
				PRODUCT_BUNDLE_IDENTIFIER = dev.travisbrigman.FetchNow;
				PRODUCT_NAME = "$(TARGET_NAME)";
				SWIFT_VERSION = 5.0;
				TARGETED_DEVICE_FAMILY = "1,2";
			};
			name = Release;
		};
		0FAA64BB26AE67B4005E0BF3 /* Debug */ = {
			isa = XCBuildConfiguration;
			buildSettings = {
				BUNDLE_LOADER = "$(TEST_HOST)";
				CODE_SIGN_STYLE = Automatic;
				DEVELOPMENT_TEAM = 73X37M5BQV;
				INFOPLIST_FILE = FetchNowTests/Info.plist;
				IPHONEOS_DEPLOYMENT_TARGET = 14.4;
				LD_RUNPATH_SEARCH_PATHS = (
					"$(inherited)",
					"@executable_path/Frameworks",
					"@loader_path/Frameworks",
				);
				PRODUCT_BUNDLE_IDENTIFIER = dev.travisbrigman.FetchNowTests;
				PRODUCT_NAME = "$(TARGET_NAME)";
				SWIFT_VERSION = 5.0;
				TARGETED_DEVICE_FAMILY = "1,2";
				TEST_HOST = "$(BUILT_PRODUCTS_DIR)/FetchNow.app/FetchNow";
			};
			name = Debug;
		};
		0FAA64BC26AE67B4005E0BF3 /* Release */ = {
			isa = XCBuildConfiguration;
			buildSettings = {
				BUNDLE_LOADER = "$(TEST_HOST)";
				CODE_SIGN_STYLE = Automatic;
				DEVELOPMENT_TEAM = 73X37M5BQV;
				INFOPLIST_FILE = FetchNowTests/Info.plist;
				IPHONEOS_DEPLOYMENT_TARGET = 14.4;
				LD_RUNPATH_SEARCH_PATHS = (
					"$(inherited)",
					"@executable_path/Frameworks",
					"@loader_path/Frameworks",
				);
				PRODUCT_BUNDLE_IDENTIFIER = dev.travisbrigman.FetchNowTests;
				PRODUCT_NAME = "$(TARGET_NAME)";
				SWIFT_VERSION = 5.0;
				TARGETED_DEVICE_FAMILY = "1,2";
				TEST_HOST = "$(BUILT_PRODUCTS_DIR)/FetchNow.app/FetchNow";
			};
			name = Release;
		};
/* End XCBuildConfiguration section */

/* Begin XCConfigurationList section */
		0F285F8826A9BC9F000C58C3 /* Build configuration list for PBXProject "FetchNow" */ = {
			isa = XCConfigurationList;
			buildConfigurations = (
				0F285F9F26A9BCA0000C58C3 /* Debug */,
				0F285FA026A9BCA0000C58C3 /* Release */,
			);
			defaultConfigurationIsVisible = 0;
			defaultConfigurationName = Release;
		};
		0F285FA126A9BCA0000C58C3 /* Build configuration list for PBXNativeTarget "FetchNow" */ = {
			isa = XCConfigurationList;
			buildConfigurations = (
				0F285FA226A9BCA0000C58C3 /* Debug */,
				0F285FA326A9BCA0000C58C3 /* Release */,
			);
			defaultConfigurationIsVisible = 0;
			defaultConfigurationName = Release;
		};
		0FAA64BA26AE67B4005E0BF3 /* Build configuration list for PBXNativeTarget "FetchNowTests" */ = {
			isa = XCConfigurationList;
			buildConfigurations = (
				0FAA64BB26AE67B4005E0BF3 /* Debug */,
				0FAA64BC26AE67B4005E0BF3 /* Release */,
			);
			defaultConfigurationIsVisible = 0;
			defaultConfigurationName = Release;
		};
/* End XCConfigurationList section */
	};
	rootObject = 0F285F8526A9BC9F000C58C3 /* Project object */;
}
